
Microsoft Visual Studio Solution File, Format Version 12.00
# Visual Studio Version 17
VisualStudioVersion = 17.13.35818.85 d17.13
MinimumVisualStudioVersion = 10.0.40219.1
Project("{FAE04EC0-301F-11D3-BF4B-00C04F79EFBC}") = "Hastane Otomasyonu", "Hastane Otomasyonu.csproj", "{92C33BB2-4351-45F8-A40C-47373BDBFBFE}"
EndProject
Global
	GlobalSection(SolutionConfigurationPlatforms) = preSolution
		Debug|Any CPU = Debug|Any CPU
		Release|Any CPU = Release|Any CPU
	EndGlobalSection
	GlobalSection(ProjectConfigurationPlatforms) = postSolution
		{92C33BB2-4351-45F8-A40C-47373BDBFBFE}.Debug|Any CPU.ActiveCfg = Debug|Any CPU
		{92C33BB2-4351-45F8-A40C-47373BDBFBFE}.Debug|Any CPU.Build.0 = Debug|Any CPU
		{92C33BB2-4351-45F8-A40C-47373BDBFBFE}.Release|Any CPU.ActiveCfg = Release|Any CPU
		{92C33BB2-4351-45F8-A40C-47373BDBFBFE}.Release|Any CPU.Build.0 = Release|Any CPU
	EndGlobalSection
	GlobalSection(SolutionProperties) = preSolution
		HideSolutionNode = FALSE
	EndGlobalSection
	GlobalSection(ExtensibilityGlobals) = postSolution
		SolutionGuid = {A9FECDFF-F3EE-41F2-B097-AE656151FD41}
	EndGlobalSection
EndGlobal
